
Microsoft Visual Studio Solution File, Format Version 12.00
# Visual Studio Version 17
VisualStudioVersion = 17.10.35013.160
MinimumVisualStudioVersion = 10.0.40219.1
Project("{2150E333-8FDC-42A3-9474-1A3956D46DE8}") = "Solution Items", "Solution Items", "{E9B825E1-7C24-4881-9177-381E8BCFB9D3}"
	ProjectSection(SolutionItems) = preProject
		.gitignore = .gitignore
	EndProjectSection
EndProject
Project("{9A19103F-16F7-4668-BE54-9A1E7A4F7556}") = "LuaByteCode", "LuaByteCode\LuaByteCode.csproj", "{3EF5F1EA-E5EE-4685-B5ED-4E2B805674DC}"
EndProject
Project("{9A19103F-16F7-4668-BE54-9A1E7A4F7556}") = "LuaByteCodeTest", "LuaByteCodeTest\LuaByteCodeTest.csproj", "{9D08A4CA-7E77-41BD-8501-541B3456554F}"
EndProject
Project("{9A19103F-16F7-4668-BE54-9A1E7A4F7556}") = "TestHelper", "TestHelper\TestHelper.csproj", "{1F9D6A56-BDD5-42D2-83FE-9CFE4A946D7C}"
EndProject
Project("{9A19103F-16F7-4668-BE54-9A1E7A4F7556}") = "LSharp", "LSharp\LSharp.csproj", "{42F959FF-351B-4C8F-902F-3AB5AF98EB13}"
EndProject
Project("{9A19103F-16F7-4668-BE54-9A1E7A4F7556}") = "LSharpTest", "LSharpTest\LSharpTest.csproj", "{34A43DC4-1198-4BB2-AF30-52631C87B6B3}"
EndProject
Global
	GlobalSection(SolutionConfigurationPlatforms) = preSolution
		Debug|Any CPU = Debug|Any CPU
		Release|Any CPU = Release|Any CPU
	EndGlobalSection
	GlobalSection(ProjectConfigurationPlatforms) = postSolution
		{3EF5F1EA-E5EE-4685-B5ED-4E2B805674DC}.Debug|Any CPU.ActiveCfg = Debug|Any CPU
		{3EF5F1EA-E5EE-4685-B5ED-4E2B805674DC}.Debug|Any CPU.Build.0 = Debug|Any CPU
		{3EF5F1EA-E5EE-4685-B5ED-4E2B805674DC}.Release|Any CPU.ActiveCfg = Release|Any CPU
		{3EF5F1EA-E5EE-4685-B5ED-4E2B805674DC}.Release|Any CPU.Build.0 = Release|Any CPU
		{9D08A4CA-7E77-41BD-8501-541B3456554F}.Debug|Any CPU.ActiveCfg = Debug|Any CPU
		{9D08A4CA-7E77-41BD-8501-541B3456554F}.Debug|Any CPU.Build.0 = Debug|Any CPU
		{9D08A4CA-7E77-41BD-8501-541B3456554F}.Release|Any CPU.ActiveCfg = Release|Any CPU
		{9D08A4CA-7E77-41BD-8501-541B3456554F}.Release|Any CPU.Build.0 = Release|Any CPU
		{1F9D6A56-BDD5-42D2-83FE-9CFE4A946D7C}.Debug|Any CPU.ActiveCfg = Debug|Any CPU
		{1F9D6A56-BDD5-42D2-83FE-9CFE4A946D7C}.Debug|Any CPU.Build.0 = Debug|Any CPU
		{1F9D6A56-BDD5-42D2-83FE-9CFE4A946D7C}.Release|Any CPU.ActiveCfg = Release|Any CPU
		{1F9D6A56-BDD5-42D2-83FE-9CFE4A946D7C}.Release|Any CPU.Build.0 = Release|Any CPU
		{42F959FF-351B-4C8F-902F-3AB5AF98EB13}.Debug|Any CPU.ActiveCfg = Debug|Any CPU
		{42F959FF-351B-4C8F-902F-3AB5AF98EB13}.Debug|Any CPU.Build.0 = Debug|Any CPU
		{42F959FF-351B-4C8F-902F-3AB5AF98EB13}.Release|Any CPU.ActiveCfg = Release|Any CPU
		{42F959FF-351B-4C8F-902F-3AB5AF98EB13}.Release|Any CPU.Build.0 = Release|Any CPU
		{34A43DC4-1198-4BB2-AF30-52631C87B6B3}.Debug|Any CPU.ActiveCfg = Debug|Any CPU
		{34A43DC4-1198-4BB2-AF30-52631C87B6B3}.Debug|Any CPU.Build.0 = Debug|Any CPU
		{34A43DC4-1198-4BB2-AF30-52631C87B6B3}.Release|Any CPU.ActiveCfg = Release|Any CPU
		{34A43DC4-1198-4BB2-AF30-52631C87B6B3}.Release|Any CPU.Build.0 = Release|Any CPU
	EndGlobalSection
	GlobalSection(SolutionProperties) = preSolution
		HideSolutionNode = FALSE
	EndGlobalSection
	GlobalSection(ExtensibilityGlobals) = postSolution
		SolutionGuid = {AE1ABA63-43B5-4B0A-8141-F5B225D33050}
	EndGlobalSection
EndGlobal
